
Microsoft Visual Studio Solution File, Format Version 12.00
# Visual Studio Version 16
VisualStudioVersion = 16.0.34031.81
MinimumVisualStudioVersion = 10.0.40219.1
Project("{2150E333-8FDC-42A3-9474-1A3956D46DE8}") = "Task0", "Task0", "{2C6626D4-A61B-459E-977C-AD861A65B0F2}"
EndProject
Project("{FAE04EC0-301F-11D3-BF4B-00C04F79EFBC}") = "Tyuiu.SokolovaAA.Sprint2.Task0.V27", "Tyuiu.SokolovaAA.Sprint2.Task0.V27\Tyuiu.SokolovaAA.Sprint2.Task0.V27.csproj", "{E19C85A6-CB28-424A-B82A-9747476171CC}"
EndProject
Project("{FAE04EC0-301F-11D3-BF4B-00C04F79EFBC}") = "Tyuiu.SokolovaAA.Sprint2.Task0.V27.Lib", "Tyuiu.SokolovaAA.Sprint2.Task0.V27.Lib\Tyuiu.SokolovaAA.Sprint2.Task0.V27.Lib.csproj", "{04B87455-58DE-4044-B0E2-A80D2EC7FEAC}"
EndProject
Project("{FAE04EC0-301F-11D3-BF4B-00C04F79EFBC}") = "Tyuiu.SokolovaAA.Sprint2.Task0.V27.Test", "Tyuiu.SokolovaAA.Sprint2.Task0.V27.Test\Tyuiu.SokolovaAA.Sprint2.Task0.V27.Test.csproj", "{8BD70681-C0C9-4B3A-AFAB-49C172E86B48}"
EndProject
Project("{2150E333-8FDC-42A3-9474-1A3956D46DE8}") = "Task1", "Task1", "{C0DE286A-A346-45DD-A654-DBEFF952CF6E}"
EndProject
Project("{FAE04EC0-301F-11D3-BF4B-00C04F79EFBC}") = "Tyuiu.SokolovaAA.Sprint2.Task1.V14", "Tyuiu.SokolovaAA.Sprint2.Task1.V14\Tyuiu.SokolovaAA.Sprint2.Task1.V14.csproj", "{982A9911-811C-4B9B-BF3D-65F1654E2FAA}"
EndProject
Project("{FAE04EC0-301F-11D3-BF4B-00C04F79EFBC}") = "Tyuiu.SokolovaAA.Sprint2.Task1.V14.Lib", "Tyuiu.SokolovaAA.Sprint2.Task1.V14.Lib\Tyuiu.SokolovaAA.Sprint2.Task1.V14.Lib.csproj", "{A34809C0-BAD1-43BB-AE00-2974109F1444}"
EndProject
Project("{FAE04EC0-301F-11D3-BF4B-00C04F79EFBC}") = "Tyuiu.SokolovaAA.Sprint2.Task1.V14.Test", "Tyuiu.SokolovaAA.Sprint2.Task1.V14.Test\Tyuiu.SokolovaAA.Sprint2.Task1.V14.Test.csproj", "{7F5BE12F-82BD-42FA-8AC4-B44E35E669C8}"
EndProject
Project("{2150E333-8FDC-42A3-9474-1A3956D46DE8}") = "Task2", "Task2", "{3C68B65B-A3B9-4458-94E1-BB3400F73933}"
EndProject
Project("{FAE04EC0-301F-11D3-BF4B-00C04F79EFBC}") = "Tyuiu.SokolovaAA.Sprint2.Task2.V4", "Tyuiu.SokolovaAA.Sprint2.Task2.V4\Tyuiu.SokolovaAA.Sprint2.Task2.V4.csproj", "{85ADF671-2449-4A4F-98B7-1AD5D7AB53CD}"
EndProject
Project("{FAE04EC0-301F-11D3-BF4B-00C04F79EFBC}") = "Tyuiu.SokolovaAA.Sprint2.Task2.V4.Lib", "Tyuiu.SokolovaAA.Sprint2.Task2.V4.Lib\Tyuiu.SokolovaAA.Sprint2.Task2.V4.Lib.csproj", "{7F796E3F-F233-4C1B-A3AB-A62694711312}"
EndProject
Project("{FAE04EC0-301F-11D3-BF4B-00C04F79EFBC}") = "Tyuiu.SokolovaAA.Sprint2.Task2.V4.Test", "Tyuiu.SokolovaAA.Sprint2.Task2.V4.Test\Tyuiu.SokolovaAA.Sprint2.Task2.V4.Test.csproj", "{4D08F3E4-D458-4983-94AF-EC491E46612D}"
EndProject
Project("{2150E333-8FDC-42A3-9474-1A3956D46DE8}") = "Task3", "Task3", "{A3DD83AA-8886-4107-BAA2-EE683D2028CA}"
EndProject
Project("{FAE04EC0-301F-11D3-BF4B-00C04F79EFBC}") = "Tyuiu.SokolovaAA.Sprint2.Task3.V20", "Tyuiu.SokolovaAA.Sprint2.Task3.V20\Tyuiu.SokolovaAA.Sprint2.Task3.V20.csproj", "{B598025C-5BAC-4257-B757-4CAA3429241A}"
EndProject
Project("{FAE04EC0-301F-11D3-BF4B-00C04F79EFBC}") = "Tyuiu.SokolovaAA.Sprint2.Task3.V20.Lib", "Tyuiu.SokolovaAA.Sprint2.Task3.V20.Lib\Tyuiu.SokolovaAA.Sprint2.Task3.V20.Lib.csproj", "{05A05B65-6EFA-48B4-B153-040463A8A1B1}"
EndProject
Project("{FAE04EC0-301F-11D3-BF4B-00C04F79EFBC}") = "Tyuiu.SokolovaAA.Sprint2.Task3.V20.Test", "Tyuiu.SokolovaAA.Sprint2.Task3.V20.Test\Tyuiu.SokolovaAA.Sprint2.Task3.V20.Test.csproj", "{213E3F2F-6C13-4A9F-81A2-50A3AFE29F5C}"
EndProject
Project("{2150E333-8FDC-42A3-9474-1A3956D46DE8}") = "Task4", "Task4", "{8D7D5E7E-85C9-4CE8-876C-B6F6A22483D0}"
EndProject
Project("{FAE04EC0-301F-11D3-BF4B-00C04F79EFBC}") = "Tyuiu.SokolovaAA.Sprint2.Task4.V24", "Tyuiu.SokolovaAA.Sprint2.Task4.V24\Tyuiu.SokolovaAA.Sprint2.Task4.V24.csproj", "{6704E0B7-DD91-44A2-B905-9B6E58CCBE16}"
EndProject
Project("{FAE04EC0-301F-11D3-BF4B-00C04F79EFBC}") = "Tyuiu.SokolovaAA.Sprint2.Task4.V24.Lib", "Tyuiu.SokolovaAA.Sprint2.Task4.V24.Lib\Tyuiu.SokolovaAA.Sprint2.Task4.V24.Lib.csproj", "{E7A5087A-A094-4242-90BD-59436D240480}"
EndProject
Project("{FAE04EC0-301F-11D3-BF4B-00C04F79EFBC}") = "Tyuiu.SokolovaAA.Sprint2.Task4.V24.Test", "Tyuiu.SokolovaAA.Sprint2.Task4.V24.Test\Tyuiu.SokolovaAA.Sprint2.Task4.V24.Test.csproj", "{CB991BA7-3C11-41FE-B3B9-B59C35E05E30}"
EndProject
Global
	GlobalSection(SolutionConfigurationPlatforms) = preSolution
		Debug|Any CPU = Debug|Any CPU
		Release|Any CPU = Release|Any CPU
	EndGlobalSection
	GlobalSection(ProjectConfigurationPlatforms) = postSolution
		{E19C85A6-CB28-424A-B82A-9747476171CC}.Debug|Any CPU.ActiveCfg = Debug|Any CPU
		{E19C85A6-CB28-424A-B82A-9747476171CC}.Debug|Any CPU.Build.0 = Debug|Any CPU
		{E19C85A6-CB28-424A-B82A-9747476171CC}.Release|Any CPU.ActiveCfg = Release|Any CPU
		{E19C85A6-CB28-424A-B82A-9747476171CC}.Release|Any CPU.Build.0 = Release|Any CPU
		{04B87455-58DE-4044-B0E2-A80D2EC7FEAC}.Debug|Any CPU.ActiveCfg = Debug|Any CPU
		{04B87455-58DE-4044-B0E2-A80D2EC7FEAC}.Debug|Any CPU.Build.0 = Debug|Any CPU
		{04B87455-58DE-4044-B0E2-A80D2EC7FEAC}.Release|Any CPU.ActiveCfg = Release|Any CPU
		{04B87455-58DE-4044-B0E2-A80D2EC7FEAC}.Release|Any CPU.Build.0 = Release|Any CPU
		{8BD70681-C0C9-4B3A-AFAB-49C172E86B48}.Debug|Any CPU.ActiveCfg = Debug|Any CPU
		{8BD70681-C0C9-4B3A-AFAB-49C172E86B48}.Debug|Any CPU.Build.0 = Debug|Any CPU
		{8BD70681-C0C9-4B3A-AFAB-49C172E86B48}.Release|Any CPU.ActiveCfg = Release|Any CPU
		{8BD70681-C0C9-4B3A-AFAB-49C172E86B48}.Release|Any CPU.Build.0 = Release|Any CPU
		{982A9911-811C-4B9B-BF3D-65F1654E2FAA}.Debug|Any CPU.ActiveCfg = Debug|Any CPU
		{982A9911-811C-4B9B-BF3D-65F1654E2FAA}.Debug|Any CPU.Build.0 = Debug|Any CPU
		{982A9911-811C-4B9B-BF3D-65F1654E2FAA}.Release|Any CPU.ActiveCfg = Release|Any CPU
		{982A9911-811C-4B9B-BF3D-65F1654E2FAA}.Release|Any CPU.Build.0 = Release|Any CPU
		{A34809C0-BAD1-43BB-AE00-2974109F1444}.Debug|Any CPU.ActiveCfg = Debug|Any CPU
		{A34809C0-BAD1-43BB-AE00-2974109F1444}.Debug|Any CPU.Build.0 = Debug|Any CPU
		{A34809C0-BAD1-43BB-AE00-2974109F1444}.Release|Any CPU.ActiveCfg = Release|Any CPU
		{A34809C0-BAD1-43BB-AE00-2974109F1444}.Release|Any CPU.Build.0 = Release|Any CPU
		{7F5BE12F-82BD-42FA-8AC4-B44E35E669C8}.Debug|Any CPU.ActiveCfg = Debug|Any CPU
		{7F5BE12F-82BD-42FA-8AC4-B44E35E669C8}.Debug|Any CPU.Build.0 = Debug|Any CPU
		{7F5BE12F-82BD-42FA-8AC4-B44E35E669C8}.Release|Any CPU.ActiveCfg = Release|Any CPU
		{7F5BE12F-82BD-42FA-8AC4-B44E35E669C8}.Release|Any CPU.Build.0 = Release|Any CPU
		{85ADF671-2449-4A4F-98B7-1AD5D7AB53CD}.Debug|Any CPU.ActiveCfg = Debug|Any CPU
		{85ADF671-2449-4A4F-98B7-1AD5D7AB53CD}.Debug|Any CPU.Build.0 = Debug|Any CPU
		{85ADF671-2449-4A4F-98B7-1AD5D7AB53CD}.Release|Any CPU.ActiveCfg = Release|Any CPU
		{85ADF671-2449-4A4F-98B7-1AD5D7AB53CD}.Release|Any CPU.Build.0 = Release|Any CPU
		{7F796E3F-F233-4C1B-A3AB-A62694711312}.Debug|Any CPU.ActiveCfg = Debug|Any CPU
		{7F796E3F-F233-4C1B-A3AB-A62694711312}.Debug|Any CPU.Build.0 = Debug|Any CPU
		{7F796E3F-F233-4C1B-A3AB-A62694711312}.Release|Any CPU.ActiveCfg = Release|Any CPU
		{7F796E3F-F233-4C1B-A3AB-A62694711312}.Release|Any CPU.Build.0 = Release|Any CPU
		{4D08F3E4-D458-4983-94AF-EC491E46612D}.Debug|Any CPU.ActiveCfg = Debug|Any CPU
		{4D08F3E4-D458-4983-94AF-EC491E46612D}.Debug|Any CPU.Build.0 = Debug|Any CPU
		{4D08F3E4-D458-4983-94AF-EC491E46612D}.Release|Any CPU.ActiveCfg = Release|Any CPU
		{4D08F3E4-D458-4983-94AF-EC491E46612D}.Release|Any CPU.Build.0 = Release|Any CPU
		{B598025C-5BAC-4257-B757-4CAA3429241A}.Debug|Any CPU.ActiveCfg = Debug|Any CPU
		{B598025C-5BAC-4257-B757-4CAA3429241A}.Debug|Any CPU.Build.0 = Debug|Any CPU
		{B598025C-5BAC-4257-B757-4CAA3429241A}.Release|Any CPU.ActiveCfg = Release|Any CPU
		{B598025C-5BAC-4257-B757-4CAA3429241A}.Release|Any CPU.Build.0 = Release|Any CPU
		{05A05B65-6EFA-48B4-B153-040463A8A1B1}.Debug|Any CPU.ActiveCfg = Debug|Any CPU
		{05A05B65-6EFA-48B4-B153-040463A8A1B1}.Debug|Any CPU.Build.0 = Debug|Any CPU
		{05A05B65-6EFA-48B4-B153-040463A8A1B1}.Release|Any CPU.ActiveCfg = Release|Any CPU
		{05A05B65-6EFA-48B4-B153-040463A8A1B1}.Release|Any CPU.Build.0 = Release|Any CPU
		{213E3F2F-6C13-4A9F-81A2-50A3AFE29F5C}.Debug|Any CPU.ActiveCfg = Debug|Any CPU
		{213E3F2F-6C13-4A9F-81A2-50A3AFE29F5C}.Debug|Any CPU.Build.0 = Debug|Any CPU
		{213E3F2F-6C13-4A9F-81A2-50A3AFE29F5C}.Release|Any CPU.ActiveCfg = Release|Any CPU
		{213E3F2F-6C13-4A9F-81A2-50A3AFE29F5C}.Release|Any CPU.Build.0 = Release|Any CPU
		{6704E0B7-DD91-44A2-B905-9B6E58CCBE16}.Debug|Any CPU.ActiveCfg = Debug|Any CPU
		{6704E0B7-DD91-44A2-B905-9B6E58CCBE16}.Debug|Any CPU.Build.0 = Debug|Any CPU
		{6704E0B7-DD91-44A2-B905-9B6E58CCBE16}.Release|Any CPU.ActiveCfg = Release|Any CPU
		{6704E0B7-DD91-44A2-B905-9B6E58CCBE16}.Release|Any CPU.Build.0 = Release|Any CPU
		{E7A5087A-A094-4242-90BD-59436D240480}.Debug|Any CPU.ActiveCfg = Debug|Any CPU
		{E7A5087A-A094-4242-90BD-59436D240480}.Debug|Any CPU.Build.0 = Debug|Any CPU
		{E7A5087A-A094-4242-90BD-59436D240480}.Release|Any CPU.ActiveCfg = Release|Any CPU
		{E7A5087A-A094-4242-90BD-59436D240480}.Release|Any CPU.Build.0 = Release|Any CPU
		{CB991BA7-3C11-41FE-B3B9-B59C35E05E30}.Debug|Any CPU.ActiveCfg = Debug|Any CPU
		{CB991BA7-3C11-41FE-B3B9-B59C35E05E30}.Debug|Any CPU.Build.0 = Debug|Any CPU
		{CB991BA7-3C11-41FE-B3B9-B59C35E05E30}.Release|Any CPU.ActiveCfg = Release|Any CPU
		{CB991BA7-3C11-41FE-B3B9-B59C35E05E30}.Release|Any CPU.Build.0 = Release|Any CPU
	EndGlobalSection
	GlobalSection(SolutionProperties) = preSolution
		HideSolutionNode = FALSE
	EndGlobalSection
	GlobalSection(NestedProjects) = preSolution
		{E19C85A6-CB28-424A-B82A-9747476171CC} = {2C6626D4-A61B-459E-977C-AD861A65B0F2}
		{04B87455-58DE-4044-B0E2-A80D2EC7FEAC} = {2C6626D4-A61B-459E-977C-AD861A65B0F2}
		{8BD70681-C0C9-4B3A-AFAB-49C172E86B48} = {2C6626D4-A61B-459E-977C-AD861A65B0F2}
		{982A9911-811C-4B9B-BF3D-65F1654E2FAA} = {C0DE286A-A346-45DD-A654-DBEFF952CF6E}
		{A34809C0-BAD1-43BB-AE00-2974109F1444} = {C0DE286A-A346-45DD-A654-DBEFF952CF6E}
		{7F5BE12F-82BD-42FA-8AC4-B44E35E669C8} = {C0DE286A-A346-45DD-A654-DBEFF952CF6E}
		{85ADF671-2449-4A4F-98B7-1AD5D7AB53CD} = {3C68B65B-A3B9-4458-94E1-BB3400F73933}
		{7F796E3F-F233-4C1B-A3AB-A62694711312} = {3C68B65B-A3B9-4458-94E1-BB3400F73933}
		{4D08F3E4-D458-4983-94AF-EC491E46612D} = {3C68B65B-A3B9-4458-94E1-BB3400F73933}
		{B598025C-5BAC-4257-B757-4CAA3429241A} = {A3DD83AA-8886-4107-BAA2-EE683D2028CA}
		{05A05B65-6EFA-48B4-B153-040463A8A1B1} = {A3DD83AA-8886-4107-BAA2-EE683D2028CA}
		{213E3F2F-6C13-4A9F-81A2-50A3AFE29F5C} = {A3DD83AA-8886-4107-BAA2-EE683D2028CA}
		{6704E0B7-DD91-44A2-B905-9B6E58CCBE16} = {8D7D5E7E-85C9-4CE8-876C-B6F6A22483D0}
		{E7A5087A-A094-4242-90BD-59436D240480} = {8D7D5E7E-85C9-4CE8-876C-B6F6A22483D0}
		{CB991BA7-3C11-41FE-B3B9-B59C35E05E30} = {8D7D5E7E-85C9-4CE8-876C-B6F6A22483D0}
	EndGlobalSection
	GlobalSection(ExtensibilityGlobals) = postSolution
		SolutionGuid = {958C78B7-0487-4FFA-97DE-07CF67F99B2E}
	EndGlobalSection
EndGlobal
